
Microsoft Visual Studio Solution File, Format Version 12.00
# Visual Studio 15
VisualStudioVersion = 15.0.28010.2050
MinimumVisualStudioVersion = 10.0.40219.1
Project("{8BC9CEB8-8B4A-11D0-8D11-00A0C91BC942}") = "aufgabe1_22", "aufgabe1_22\aufgabe1_22.vcxproj", "{A40D5452-D716-40DE-9FE3-A5F392DF6BB5}"
EndProject
Global
	GlobalSection(SolutionConfigurationPlatforms) = preSolution
		Debug|x64 = Debug|x64
		Debug|x86 = Debug|x86
		Release|x64 = Release|x64
		Release|x86 = Release|x86
	EndGlobalSection
	GlobalSection(ProjectConfigurationPlatforms) = postSolution
		{A40D5452-D716-40DE-9FE3-A5F392DF6BB5}.Debug|x64.ActiveCfg = Debug|x64
		{A40D5452-D716-40DE-9FE3-A5F392DF6BB5}.Debug|x64.Build.0 = Debug|x64
		{A40D5452-D716-40DE-9FE3-A5F392DF6BB5}.Debug|x86.ActiveCfg = Debug|Win32
		{A40D5452-D716-40DE-9FE3-A5F392DF6BB5}.Debug|x86.Build.0 = Debug|Win32
		{A40D5452-D716-40DE-9FE3-A5F392DF6BB5}.Release|x64.ActiveCfg = Release|x64
		{A40D5452-D716-40DE-9FE3-A5F392DF6BB5}.Release|x64.Build.0 = Release|x64
		{A40D5452-D716-40DE-9FE3-A5F392DF6BB5}.Release|x86.ActiveCfg = Release|Win32
		{A40D5452-D716-40DE-9FE3-A5F392DF6BB5}.Release|x86.Build.0 = Release|Win32
	EndGlobalSection
	GlobalSection(SolutionProperties) = preSolution
		HideSolutionNode = FALSE
	EndGlobalSection
	GlobalSection(ExtensibilityGlobals) = postSolution
		SolutionGuid = {7851D58A-B9EF-4DE5-808D-56C51E33FB5C}
	EndGlobalSection
EndGlobal
